
Microsoft Visual Studio Solution File, Format Version 12.00
# Visual Studio 15
VisualStudioVersion = 15.0.26124.0
MinimumVisualStudioVersion = 15.0.26124.0
Project("{FAE04EC0-301F-11D3-BF4B-00C04F79EFBC}") = "LineLife", "LineLife\LineLife.csproj", "{9FED433B-63E6-45DF-BD18-12974FF99E20}"
EndProject
Project("{FAE04EC0-301F-11D3-BF4B-00C04F79EFBC}") = "LifeLogic", "LifeLogic\LifeLogic.csproj", "{DC50301B-BDCA-4475-8C50-E53964A26014}"
EndProject
Project("{FAE04EC0-301F-11D3-BF4B-00C04F79EFBC}") = "LifeLogicTests", "LifeLogicTests\LifeLogicTests.csproj", "{050E7356-EBDB-4F15-AAB6-4E226D02674C}"
EndProject
Global
	GlobalSection(SolutionConfigurationPlatforms) = preSolution
		Debug|Any CPU = Debug|Any CPU
		Debug|x64 = Debug|x64
		Debug|x86 = Debug|x86
		Release|Any CPU = Release|Any CPU
		Release|x64 = Release|x64
		Release|x86 = Release|x86
	EndGlobalSection
	GlobalSection(SolutionProperties) = preSolution
		HideSolutionNode = FALSE
	EndGlobalSection
	GlobalSection(ProjectConfigurationPlatforms) = postSolution
		{9FED433B-63E6-45DF-BD18-12974FF99E20}.Debug|Any CPU.ActiveCfg = Debug|Any CPU
		{9FED433B-63E6-45DF-BD18-12974FF99E20}.Debug|Any CPU.Build.0 = Debug|Any CPU
		{9FED433B-63E6-45DF-BD18-12974FF99E20}.Debug|x64.ActiveCfg = Debug|Any CPU
		{9FED433B-63E6-45DF-BD18-12974FF99E20}.Debug|x64.Build.0 = Debug|Any CPU
		{9FED433B-63E6-45DF-BD18-12974FF99E20}.Debug|x86.ActiveCfg = Debug|Any CPU
		{9FED433B-63E6-45DF-BD18-12974FF99E20}.Debug|x86.Build.0 = Debug|Any CPU
		{9FED433B-63E6-45DF-BD18-12974FF99E20}.Release|Any CPU.ActiveCfg = Release|Any CPU
		{9FED433B-63E6-45DF-BD18-12974FF99E20}.Release|Any CPU.Build.0 = Release|Any CPU
		{9FED433B-63E6-45DF-BD18-12974FF99E20}.Release|x64.ActiveCfg = Release|Any CPU
		{9FED433B-63E6-45DF-BD18-12974FF99E20}.Release|x64.Build.0 = Release|Any CPU
		{9FED433B-63E6-45DF-BD18-12974FF99E20}.Release|x86.ActiveCfg = Release|Any CPU
		{9FED433B-63E6-45DF-BD18-12974FF99E20}.Release|x86.Build.0 = Release|Any CPU
		{DC50301B-BDCA-4475-8C50-E53964A26014}.Debug|Any CPU.ActiveCfg = Debug|Any CPU
		{DC50301B-BDCA-4475-8C50-E53964A26014}.Debug|Any CPU.Build.0 = Debug|Any CPU
		{DC50301B-BDCA-4475-8C50-E53964A26014}.Debug|x64.ActiveCfg = Debug|Any CPU
		{DC50301B-BDCA-4475-8C50-E53964A26014}.Debug|x64.Build.0 = Debug|Any CPU
		{DC50301B-BDCA-4475-8C50-E53964A26014}.Debug|x86.ActiveCfg = Debug|Any CPU
		{DC50301B-BDCA-4475-8C50-E53964A26014}.Debug|x86.Build.0 = Debug|Any CPU
		{DC50301B-BDCA-4475-8C50-E53964A26014}.Release|Any CPU.ActiveCfg = Release|Any CPU
		{DC50301B-BDCA-4475-8C50-E53964A26014}.Release|Any CPU.Build.0 = Release|Any CPU
		{DC50301B-BDCA-4475-8C50-E53964A26014}.Release|x64.ActiveCfg = Release|Any CPU
		{DC50301B-BDCA-4475-8C50-E53964A26014}.Release|x64.Build.0 = Release|Any CPU
		{DC50301B-BDCA-4475-8C50-E53964A26014}.Release|x86.ActiveCfg = Release|Any CPU
		{DC50301B-BDCA-4475-8C50-E53964A26014}.Release|x86.Build.0 = Release|Any CPU
		{050E7356-EBDB-4F15-AAB6-4E226D02674C}.Debug|Any CPU.ActiveCfg = Debug|Any CPU
		{050E7356-EBDB-4F15-AAB6-4E226D02674C}.Debug|Any CPU.Build.0 = Debug|Any CPU
		{050E7356-EBDB-4F15-AAB6-4E226D02674C}.Debug|x64.ActiveCfg = Debug|Any CPU
		{050E7356-EBDB-4F15-AAB6-4E226D02674C}.Debug|x64.Build.0 = Debug|Any CPU
		{050E7356-EBDB-4F15-AAB6-4E226D02674C}.Debug|x86.ActiveCfg = Debug|Any CPU
		{050E7356-EBDB-4F15-AAB6-4E226D02674C}.Debug|x86.Build.0 = Debug|Any CPU
		{050E7356-EBDB-4F15-AAB6-4E226D02674C}.Release|Any CPU.ActiveCfg = Release|Any CPU
		{050E7356-EBDB-4F15-AAB6-4E226D02674C}.Release|Any CPU.Build.0 = Release|Any CPU
		{050E7356-EBDB-4F15-AAB6-4E226D02674C}.Release|x64.ActiveCfg = Release|Any CPU
		{050E7356-EBDB-4F15-AAB6-4E226D02674C}.Release|x64.Build.0 = Release|Any CPU
		{050E7356-EBDB-4F15-AAB6-4E226D02674C}.Release|x86.ActiveCfg = Release|Any CPU
		{050E7356-EBDB-4F15-AAB6-4E226D02674C}.Release|x86.Build.0 = Release|Any CPU
	EndGlobalSection
EndGlobal
